
Microsoft Visual Studio Solution File, Format Version 12.00
# Visual Studio Version 17
VisualStudioVersion = 17.0.31903.59
MinimumVisualStudioVersion = 10.0.40219.1
Project("{2150E333-8FDC-42A3-9474-1A3956D46DE8}") = "src", "src", "{DEB049BC-2FBA-4DE8-BB3D-2DADB51177CE}"
EndProject
Project("{FAE04EC0-301F-11D3-BF4B-00C04F79EFBC}") = "AuctionService", "src\AuctionService\AuctionService.csproj", "{8EAF5395-130A-4D80-BB79-0A7D8C392721}"
EndProject
Project("{FAE04EC0-301F-11D3-BF4B-00C04F79EFBC}") = "SearchService", "src\SearchService\SearchService.csproj", "{FA1116EB-9512-4E4A-A208-0D5677BC31A3}"
EndProject
Project("{FAE04EC0-301F-11D3-BF4B-00C04F79EFBC}") = "Contracts", "src\Contracts\Contracts.csproj", "{936812B8-D4AB-4816-92CC-0D0C79BF40C7}"
EndProject
Project("{FAE04EC0-301F-11D3-BF4B-00C04F79EFBC}") = "IdentityService", "src\IdentityService\IdentityService.csproj", "{128CE8EF-101C-4701-BE23-1B3B1DC83D6B}"
EndProject
Global
	GlobalSection(SolutionConfigurationPlatforms) = preSolution
		Debug|Any CPU = Debug|Any CPU
		Release|Any CPU = Release|Any CPU
	EndGlobalSection
	GlobalSection(SolutionProperties) = preSolution
		HideSolutionNode = FALSE
	EndGlobalSection
	GlobalSection(ProjectConfigurationPlatforms) = postSolution
		{8EAF5395-130A-4D80-BB79-0A7D8C392721}.Debug|Any CPU.ActiveCfg = Debug|Any CPU
		{8EAF5395-130A-4D80-BB79-0A7D8C392721}.Debug|Any CPU.Build.0 = Debug|Any CPU
		{8EAF5395-130A-4D80-BB79-0A7D8C392721}.Release|Any CPU.ActiveCfg = Release|Any CPU
		{8EAF5395-130A-4D80-BB79-0A7D8C392721}.Release|Any CPU.Build.0 = Release|Any CPU
		{FA1116EB-9512-4E4A-A208-0D5677BC31A3}.Debug|Any CPU.ActiveCfg = Debug|Any CPU
		{FA1116EB-9512-4E4A-A208-0D5677BC31A3}.Debug|Any CPU.Build.0 = Debug|Any CPU
		{FA1116EB-9512-4E4A-A208-0D5677BC31A3}.Release|Any CPU.ActiveCfg = Release|Any CPU
		{FA1116EB-9512-4E4A-A208-0D5677BC31A3}.Release|Any CPU.Build.0 = Release|Any CPU
		{936812B8-D4AB-4816-92CC-0D0C79BF40C7}.Debug|Any CPU.ActiveCfg = Debug|Any CPU
		{936812B8-D4AB-4816-92CC-0D0C79BF40C7}.Debug|Any CPU.Build.0 = Debug|Any CPU
		{936812B8-D4AB-4816-92CC-0D0C79BF40C7}.Release|Any CPU.ActiveCfg = Release|Any CPU
		{936812B8-D4AB-4816-92CC-0D0C79BF40C7}.Release|Any CPU.Build.0 = Release|Any CPU
		{128CE8EF-101C-4701-BE23-1B3B1DC83D6B}.Debug|Any CPU.ActiveCfg = Debug|Any CPU
		{128CE8EF-101C-4701-BE23-1B3B1DC83D6B}.Debug|Any CPU.Build.0 = Debug|Any CPU
		{128CE8EF-101C-4701-BE23-1B3B1DC83D6B}.Release|Any CPU.ActiveCfg = Release|Any CPU
		{128CE8EF-101C-4701-BE23-1B3B1DC83D6B}.Release|Any CPU.Build.0 = Release|Any CPU
	EndGlobalSection
	GlobalSection(NestedProjects) = preSolution
		{8EAF5395-130A-4D80-BB79-0A7D8C392721} = {DEB049BC-2FBA-4DE8-BB3D-2DADB51177CE}
		{FA1116EB-9512-4E4A-A208-0D5677BC31A3} = {DEB049BC-2FBA-4DE8-BB3D-2DADB51177CE}
		{936812B8-D4AB-4816-92CC-0D0C79BF40C7} = {DEB049BC-2FBA-4DE8-BB3D-2DADB51177CE}
		{128CE8EF-101C-4701-BE23-1B3B1DC83D6B} = {DEB049BC-2FBA-4DE8-BB3D-2DADB51177CE}
	EndGlobalSection
EndGlobal
